
Microsoft Visual Studio Solution File, Format Version 12.00
# Visual Studio Version 17
VisualStudioVersion = 17.11.35222.181
MinimumVisualStudioVersion = 10.0.40219.1
Project("{9A19103F-16F7-4668-BE54-9A1E7A4F7556}") = "Collins.Ne-Yocike.Chapter2", "..\Collins.Ne-Yocike.Chapter2\Collins.Ne-Yocike.Chapter2.csproj", "{A4D1FD3B-6407-4F29-A60F-C3F5913497E9}"
EndProject
Global
	GlobalSection(SolutionConfigurationPlatforms) = preSolution
		Debug|Any CPU = Debug|Any CPU
		Release|Any CPU = Release|Any CPU
	EndGlobalSection
	GlobalSection(ProjectConfigurationPlatforms) = postSolution
		{A4D1FD3B-6407-4F29-A60F-C3F5913497E9}.Debug|Any CPU.ActiveCfg = Debug|Any CPU
		{A4D1FD3B-6407-4F29-A60F-C3F5913497E9}.Debug|Any CPU.Build.0 = Debug|Any CPU
		{A4D1FD3B-6407-4F29-A60F-C3F5913497E9}.Release|Any CPU.ActiveCfg = Release|Any CPU
		{A4D1FD3B-6407-4F29-A60F-C3F5913497E9}.Release|Any CPU.Build.0 = Release|Any CPU
	EndGlobalSection
	GlobalSection(SolutionProperties) = preSolution
		HideSolutionNode = FALSE
	EndGlobalSection
	GlobalSection(ExtensibilityGlobals) = postSolution
		SolutionGuid = {50C892D8-1F78-4186-9E11-475029017E32}
	EndGlobalSection
EndGlobal
